
Microsoft Visual Studio Solution File, Format Version 12.00
# Visual Studio Version 16
VisualStudioVersion = 16.0.29911.84
MinimumVisualStudioVersion = 10.0.40219.1
Project("{FAE04EC0-301F-11D3-BF4B-00C04F79EFBC}") = "socket_test", "socket_test.csproj", "{868C4551-A022-474F-8934-EAEE04E3D402}"
EndProject
Global
	GlobalSection(SolutionConfigurationPlatforms) = preSolution
		Debug|Any CPU = Debug|Any CPU
		Debug|x64 = Debug|x64
		Debug|x86 = Debug|x86
		Release|Any CPU = Release|Any CPU
		Release|x64 = Release|x64
		Release|x86 = Release|x86
	EndGlobalSection
	GlobalSection(ProjectConfigurationPlatforms) = postSolution
		{868C4551-A022-474F-8934-EAEE04E3D402}.Debug|Any CPU.ActiveCfg = Debug|Any CPU
		{868C4551-A022-474F-8934-EAEE04E3D402}.Debug|Any CPU.Build.0 = Debug|Any CPU
		{868C4551-A022-474F-8934-EAEE04E3D402}.Debug|x64.ActiveCfg = Debug|Any CPU
		{868C4551-A022-474F-8934-EAEE04E3D402}.Debug|x64.Build.0 = Debug|Any CPU
		{868C4551-A022-474F-8934-EAEE04E3D402}.Debug|x86.ActiveCfg = Debug|Any CPU
		{868C4551-A022-474F-8934-EAEE04E3D402}.Debug|x86.Build.0 = Debug|Any CPU
		{868C4551-A022-474F-8934-EAEE04E3D402}.Release|Any CPU.ActiveCfg = Release|Any CPU
		{868C4551-A022-474F-8934-EAEE04E3D402}.Release|Any CPU.Build.0 = Release|Any CPU
		{868C4551-A022-474F-8934-EAEE04E3D402}.Release|x64.ActiveCfg = Release|Any CPU
		{868C4551-A022-474F-8934-EAEE04E3D402}.Release|x64.Build.0 = Release|Any CPU
		{868C4551-A022-474F-8934-EAEE04E3D402}.Release|x86.ActiveCfg = Release|Any CPU
		{868C4551-A022-474F-8934-EAEE04E3D402}.Release|x86.Build.0 = Release|Any CPU
	EndGlobalSection
	GlobalSection(SolutionProperties) = preSolution
		HideSolutionNode = FALSE
	EndGlobalSection
	GlobalSection(ExtensibilityGlobals) = postSolution
		SolutionGuid = {FD08CC62-878A-486B-A9A6-6A90BE85C378}
	EndGlobalSection
EndGlobal
